
Microsoft Visual Studio Solution File, Format Version 12.00
# Visual Studio Version 17
VisualStudioVersion = 17.10.35013.160
MinimumVisualStudioVersion = 10.0.40219.1
Project("{FAE04EC0-301F-11D3-BF4B-00C04F79EFBC}") = "SAKnowledgeBase", "SAKnowledgeBase\SAKnowledgeBase.csproj", "{90FF74FF-4925-40F4-81CD-071DCBCE398E}"
EndProject
Project("{E53339B2-1760-4266-BCC7-CA923CBCF16C}") = "docker-compose", "docker-compose.dcproj", "{8AF17D41-C942-44E2-B61F-857293AB74AB}"
EndProject
Global
	GlobalSection(SolutionConfigurationPlatforms) = preSolution
		Debug|Any CPU = Debug|Any CPU
		Release|Any CPU = Release|Any CPU
	EndGlobalSection
	GlobalSection(ProjectConfigurationPlatforms) = postSolution
		{90FF74FF-4925-40F4-81CD-071DCBCE398E}.Debug|Any CPU.ActiveCfg = Debug|Any CPU
		{90FF74FF-4925-40F4-81CD-071DCBCE398E}.Debug|Any CPU.Build.0 = Debug|Any CPU
		{90FF74FF-4925-40F4-81CD-071DCBCE398E}.Release|Any CPU.ActiveCfg = Release|Any CPU
		{90FF74FF-4925-40F4-81CD-071DCBCE398E}.Release|Any CPU.Build.0 = Release|Any CPU
		{8AF17D41-C942-44E2-B61F-857293AB74AB}.Debug|Any CPU.ActiveCfg = Debug|Any CPU
		{8AF17D41-C942-44E2-B61F-857293AB74AB}.Debug|Any CPU.Build.0 = Debug|Any CPU
		{8AF17D41-C942-44E2-B61F-857293AB74AB}.Release|Any CPU.ActiveCfg = Release|Any CPU
		{8AF17D41-C942-44E2-B61F-857293AB74AB}.Release|Any CPU.Build.0 = Release|Any CPU
	EndGlobalSection
	GlobalSection(SolutionProperties) = preSolution
		HideSolutionNode = FALSE
	EndGlobalSection
	GlobalSection(ExtensibilityGlobals) = postSolution
		SolutionGuid = {EFD761D6-065F-43F7-974C-ECFAFB8B3D90}
	EndGlobalSection
EndGlobal
